
Microsoft Visual Studio Solution File, Format Version 12.00
# Visual Studio Version 17
VisualStudioVersion = 17.8.34511.84
MinimumVisualStudioVersion = 10.0.40219.1
Project("{FAE04EC0-301F-11D3-BF4B-00C04F79EFBC}") = "ConsoleApp1", "ConsoleApp1\ConsoleApp1.csproj", "{E6A8A22A-85F2-4F18-ABB4-A3F6942D2F0B}"
EndProject
Global
	GlobalSection(SolutionConfigurationPlatforms) = preSolution
		Debug|Any CPU = Debug|Any CPU
		Release|Any CPU = Release|Any CPU
	EndGlobalSection
	GlobalSection(ProjectConfigurationPlatforms) = postSolution
		{E6A8A22A-85F2-4F18-ABB4-A3F6942D2F0B}.Debug|Any CPU.ActiveCfg = Debug|Any CPU
		{E6A8A22A-85F2-4F18-ABB4-A3F6942D2F0B}.Debug|Any CPU.Build.0 = Debug|Any CPU
		{E6A8A22A-85F2-4F18-ABB4-A3F6942D2F0B}.Release|Any CPU.ActiveCfg = Release|Any CPU
		{E6A8A22A-85F2-4F18-ABB4-A3F6942D2F0B}.Release|Any CPU.Build.0 = Release|Any CPU
	EndGlobalSection
	GlobalSection(SolutionProperties) = preSolution
		HideSolutionNode = FALSE
	EndGlobalSection
	GlobalSection(ExtensibilityGlobals) = postSolution
		SolutionGuid = {24E0FF35-0744-452F-A771-116E55DA7C4E}
	EndGlobalSection
EndGlobal
